
Microsoft Visual Studio Solution File, Format Version 12.00
# Visual Studio Version 17
VisualStudioVersion = 17.0.31825.309
MinimumVisualStudioVersion = 10.0.40219.1
Project("{9A19103F-16F7-4668-BE54-9A1E7A4F7556}") = "DevFreela.API", "DevFreela.API\DevFreela.API.csproj", "{D0E37035-DFF7-4139-A107-842DD7B5EA79}"
EndProject
Project("{9A19103F-16F7-4668-BE54-9A1E7A4F7556}") = "DevFreela.Core", "DevFreela.Core\DevFreela.Core.csproj", "{CBFC10D9-E413-40D7-A0D4-CAB6E2D46E58}"
EndProject
Project("{9A19103F-16F7-4668-BE54-9A1E7A4F7556}") = "DevFreela.Infrastructure", "DevFreela.Infrastructure\DevFreela.Infrastructure.csproj", "{76848980-729E-461E-B381-BB9B292451CC}"
EndProject
Project("{FAE04EC0-301F-11D3-BF4B-00C04F79EFBC}") = "DevFreela.Application", "DevFreela.Application\DevFreela.Application.csproj", "{0C25D0D2-4F73-4B66-89AF-E97467FBB0A7}"
EndProject
Global
	GlobalSection(SolutionConfigurationPlatforms) = preSolution
		Debug|Any CPU = Debug|Any CPU
		Debug|x86 = Debug|x86
		Release|Any CPU = Release|Any CPU
		Release|x86 = Release|x86
	EndGlobalSection
	GlobalSection(ProjectConfigurationPlatforms) = postSolution
		{D0E37035-DFF7-4139-A107-842DD7B5EA79}.Debug|Any CPU.ActiveCfg = Debug|Any CPU
		{D0E37035-DFF7-4139-A107-842DD7B5EA79}.Debug|Any CPU.Build.0 = Debug|Any CPU
		{D0E37035-DFF7-4139-A107-842DD7B5EA79}.Debug|x86.ActiveCfg = Debug|Any CPU
		{D0E37035-DFF7-4139-A107-842DD7B5EA79}.Debug|x86.Build.0 = Debug|Any CPU
		{D0E37035-DFF7-4139-A107-842DD7B5EA79}.Release|Any CPU.ActiveCfg = Release|Any CPU
		{D0E37035-DFF7-4139-A107-842DD7B5EA79}.Release|Any CPU.Build.0 = Release|Any CPU
		{D0E37035-DFF7-4139-A107-842DD7B5EA79}.Release|x86.ActiveCfg = Release|x86
		{D0E37035-DFF7-4139-A107-842DD7B5EA79}.Release|x86.Build.0 = Release|x86
		{CBFC10D9-E413-40D7-A0D4-CAB6E2D46E58}.Debug|Any CPU.ActiveCfg = Debug|Any CPU
		{CBFC10D9-E413-40D7-A0D4-CAB6E2D46E58}.Debug|Any CPU.Build.0 = Debug|Any CPU
		{CBFC10D9-E413-40D7-A0D4-CAB6E2D46E58}.Debug|x86.ActiveCfg = Debug|Any CPU
		{CBFC10D9-E413-40D7-A0D4-CAB6E2D46E58}.Debug|x86.Build.0 = Debug|Any CPU
		{CBFC10D9-E413-40D7-A0D4-CAB6E2D46E58}.Release|Any CPU.ActiveCfg = Release|Any CPU
		{CBFC10D9-E413-40D7-A0D4-CAB6E2D46E58}.Release|Any CPU.Build.0 = Release|Any CPU
		{CBFC10D9-E413-40D7-A0D4-CAB6E2D46E58}.Release|x86.ActiveCfg = Release|Any CPU
		{CBFC10D9-E413-40D7-A0D4-CAB6E2D46E58}.Release|x86.Build.0 = Release|Any CPU
		{76848980-729E-461E-B381-BB9B292451CC}.Debug|Any CPU.ActiveCfg = Debug|Any CPU
		{76848980-729E-461E-B381-BB9B292451CC}.Debug|Any CPU.Build.0 = Debug|Any CPU
		{76848980-729E-461E-B381-BB9B292451CC}.Debug|x86.ActiveCfg = Debug|Any CPU
		{76848980-729E-461E-B381-BB9B292451CC}.Debug|x86.Build.0 = Debug|Any CPU
		{76848980-729E-461E-B381-BB9B292451CC}.Release|Any CPU.ActiveCfg = Release|Any CPU
		{76848980-729E-461E-B381-BB9B292451CC}.Release|Any CPU.Build.0 = Release|Any CPU
		{76848980-729E-461E-B381-BB9B292451CC}.Release|x86.ActiveCfg = Release|Any CPU
		{76848980-729E-461E-B381-BB9B292451CC}.Release|x86.Build.0 = Release|Any CPU
		{0C25D0D2-4F73-4B66-89AF-E97467FBB0A7}.Debug|Any CPU.ActiveCfg = Debug|Any CPU
		{0C25D0D2-4F73-4B66-89AF-E97467FBB0A7}.Debug|Any CPU.Build.0 = Debug|Any CPU
		{0C25D0D2-4F73-4B66-89AF-E97467FBB0A7}.Debug|x86.ActiveCfg = Debug|Any CPU
		{0C25D0D2-4F73-4B66-89AF-E97467FBB0A7}.Debug|x86.Build.0 = Debug|Any CPU
		{0C25D0D2-4F73-4B66-89AF-E97467FBB0A7}.Release|Any CPU.ActiveCfg = Release|Any CPU
		{0C25D0D2-4F73-4B66-89AF-E97467FBB0A7}.Release|Any CPU.Build.0 = Release|Any CPU
		{0C25D0D2-4F73-4B66-89AF-E97467FBB0A7}.Release|x86.ActiveCfg = Release|Any CPU
		{0C25D0D2-4F73-4B66-89AF-E97467FBB0A7}.Release|x86.Build.0 = Release|Any CPU
	EndGlobalSection
	GlobalSection(SolutionProperties) = preSolution
		HideSolutionNode = FALSE
	EndGlobalSection
	GlobalSection(ExtensibilityGlobals) = postSolution
		SolutionGuid = {370E1B8E-DAC1-494E-BDF6-82800C654F72}
	EndGlobalSection
EndGlobal
